
Microsoft Visual Studio Solution File, Format Version 12.00
# Visual Studio Version 17
VisualStudioVersion = 17.1.32328.378
MinimumVisualStudioVersion = 10.0.40219.1
Project("{FAE04EC0-301F-11D3-BF4B-00C04F79EFBC}") = "API", "API\API.csproj", "{451BC96F-F170-4E1B-AAE6-327E8F848F33}"
EndProject
Global
	GlobalSection(SolutionConfigurationPlatforms) = preSolution
		Debug|Any CPU = Debug|Any CPU
		Release|Any CPU = Release|Any CPU
	EndGlobalSection
	GlobalSection(ProjectConfigurationPlatforms) = postSolution
		{451BC96F-F170-4E1B-AAE6-327E8F848F33}.Debug|Any CPU.ActiveCfg = Debug|Any CPU
		{451BC96F-F170-4E1B-AAE6-327E8F848F33}.Debug|Any CPU.Build.0 = Debug|Any CPU
		{451BC96F-F170-4E1B-AAE6-327E8F848F33}.Release|Any CPU.ActiveCfg = Release|Any CPU
		{451BC96F-F170-4E1B-AAE6-327E8F848F33}.Release|Any CPU.Build.0 = Release|Any CPU
	EndGlobalSection
	GlobalSection(SolutionProperties) = preSolution
		HideSolutionNode = FALSE
	EndGlobalSection
	GlobalSection(ExtensibilityGlobals) = postSolution
		SolutionGuid = {6417EAD3-25C9-4BC6-82B1-64B3345CF196}
	EndGlobalSection
EndGlobal
